
Microsoft Visual Studio Solution File, Format Version 12.00
# Visual Studio Version 16
VisualStudioVersion = 16.0.29509.3
MinimumVisualStudioVersion = 10.0.40219.1
Project("{FAE04EC0-301F-11D3-BF4B-00C04F79EFBC}") = "Health", "Health\Health.csproj", "{84D816D7-D8A0-4F8F-AD20-7AB3D66BBDEA}"
EndProject
Global
	GlobalSection(SolutionConfigurationPlatforms) = preSolution
		Debug|Any CPU = Debug|Any CPU
		Release|Any CPU = Release|Any CPU
	EndGlobalSection
	GlobalSection(ProjectConfigurationPlatforms) = postSolution
		{84D816D7-D8A0-4F8F-AD20-7AB3D66BBDEA}.Debug|Any CPU.ActiveCfg = Debug|Any CPU
		{84D816D7-D8A0-4F8F-AD20-7AB3D66BBDEA}.Debug|Any CPU.Build.0 = Debug|Any CPU
		{84D816D7-D8A0-4F8F-AD20-7AB3D66BBDEA}.Release|Any CPU.ActiveCfg = Release|Any CPU
		{84D816D7-D8A0-4F8F-AD20-7AB3D66BBDEA}.Release|Any CPU.Build.0 = Release|Any CPU
	EndGlobalSection
	GlobalSection(SolutionProperties) = preSolution
		HideSolutionNode = FALSE
	EndGlobalSection
	GlobalSection(ExtensibilityGlobals) = postSolution
		SolutionGuid = {68B73066-E2E9-486A-A5B8-77B53FDE6603}
	EndGlobalSection
EndGlobal
